
Microsoft Visual Studio Solution File, Format Version 12.00
# Visual Studio Version 17
VisualStudioVersion = 17.11.35327.3
MinimumVisualStudioVersion = 10.0.40219.1
Project("{9A19103F-16F7-4668-BE54-9A1E7A4F7556}") = "Tyuiu.GorohovAI.Sprint3.Task0.V21.Lib", "Tyuiu.GorohovAI.Sprint3.Task0.V21.Lib\Tyuiu.GorohovAI.Sprint3.Task0.V21.Lib.csproj", "{1D7D994C-C30B-410C-B674-95DEE738121D}"
EndProject
Project("{9A19103F-16F7-4668-BE54-9A1E7A4F7556}") = "Tyuiu.GorohovAI.Sprint3.Task0.V21", "Tyuiu.GorohovAI.Sprint3.Task0.V21\Tyuiu.GorohovAI.Sprint3.Task0.V21.csproj", "{3BAB3240-9A24-4195-8591-565A4E43F060}"
EndProject
Project("{9A19103F-16F7-4668-BE54-9A1E7A4F7556}") = "Tyuiu.GorohovAI.Sprint3.Task0.V21.Test", "Tyuiu.GorohovAI.Sprint3.Task0.V21.Test\Tyuiu.GorohovAI.Sprint3.Task0.V21.Test.csproj", "{7BDF7ED4-4874-46E9-8404-CD3BC0EA0426}"
EndProject
Project("{FAE04EC0-301F-11D3-BF4B-00C04F79EFBC}") = "Tyuiu.GorohovAI.Sprint3.Task1.V10.Lib", "Tyuiu.GorohovAI.Sprint3.Task1.V10.Lib\Tyuiu.GorohovAI.Sprint3.Task1.V10.Lib.csproj", "{E74CE604-F0BE-4EF0-B70A-A616286C5334}"
EndProject
Project("{FAE04EC0-301F-11D3-BF4B-00C04F79EFBC}") = "Tyuiu.GorohovAI.Sprint3.Task1.V10", "Tyuiu.GorohovAI.Sprint3.Task1.V10\Tyuiu.GorohovAI.Sprint3.Task1.V10.csproj", "{F97F5E3C-CC3B-4746-BE4F-1F02432AF297}"
EndProject
Project("{FAE04EC0-301F-11D3-BF4B-00C04F79EFBC}") = "Tyuiu.GorohovAI.Sprint3.Task1.V10.Test", "Tyuiu.GorohovAI.Sprint3.Task1.V10.Test\Tyuiu.GorohovAI.Sprint3.Task1.V10.Test.csproj", "{3A3E8591-3617-4C41-BE29-65BC2A6BC12D}"
EndProject
Project("{FAE04EC0-301F-11D3-BF4B-00C04F79EFBC}") = "Tyuiu.GorohovAI.Sprint3.Task2.V12.Lib", "Tyuiu.GorohovAI.Sprint3.Task2.V12.Lib\Tyuiu.GorohovAI.Sprint3.Task2.V12.Lib.csproj", "{B5A1CEEE-1814-4D04-89DB-2D56E7DD1175}"
EndProject
Project("{FAE04EC0-301F-11D3-BF4B-00C04F79EFBC}") = "Tyuiu.GorohovAI.Sprint3.Task2.V12", "Tyuiu.GorohovAI.Sprint3.Task2.V12\Tyuiu.GorohovAI.Sprint3.Task2.V12.csproj", "{99C75ACB-A07F-4139-8E02-3C92EFB93AB2}"
EndProject
Project("{FAE04EC0-301F-11D3-BF4B-00C04F79EFBC}") = "Tyuiu.GorohovAI.Sprint3.Task2.V12.Test", "Tyuiu.GorohovAI.Sprint3.Task2.V12.Test\Tyuiu.GorohovAI.Sprint3.Task2.V12.Test.csproj", "{09A67CBD-7BDF-4826-B4AD-01D91E8F796D}"
EndProject
Project("{FAE04EC0-301F-11D3-BF4B-00C04F79EFBC}") = "Tyuiu.GorohovAI.Sprint3.Task3.V10.Lib", "Tyuiu.GorohovAI.Sprint3.Task3.V10.Lib\Tyuiu.GorohovAI.Sprint3.Task3.V10.Lib.csproj", "{0F0E4822-EC4E-41D8-8EA0-E698C4714875}"
EndProject
Project("{FAE04EC0-301F-11D3-BF4B-00C04F79EFBC}") = "Tyuiu.GorohovAI.Sprint3.Task3.V10", "Tyuiu.GorohovAI.Sprint3.Task3.V10\Tyuiu.GorohovAI.Sprint3.Task3.V10.csproj", "{2761C33E-A03D-438B-A2C7-CD8927B6461E}"
EndProject
Project("{FAE04EC0-301F-11D3-BF4B-00C04F79EFBC}") = "Tyuiu.GorohovAI.Sprint3.Task3.V10.Test", "Tyuiu.GorohovAI.Sprint3.Task3.V10.Test\Tyuiu.GorohovAI.Sprint3.Task3.V10.Test.csproj", "{AF7B7B79-F581-46D3-A0EC-B21276C5B764}"
EndProject
Global
	GlobalSection(SolutionConfigurationPlatforms) = preSolution
		Debug|Any CPU = Debug|Any CPU
		Release|Any CPU = Release|Any CPU
	EndGlobalSection
	GlobalSection(ProjectConfigurationPlatforms) = postSolution
		{1D7D994C-C30B-410C-B674-95DEE738121D}.Debug|Any CPU.ActiveCfg = Debug|Any CPU
		{1D7D994C-C30B-410C-B674-95DEE738121D}.Debug|Any CPU.Build.0 = Debug|Any CPU
		{1D7D994C-C30B-410C-B674-95DEE738121D}.Release|Any CPU.ActiveCfg = Release|Any CPU
		{1D7D994C-C30B-410C-B674-95DEE738121D}.Release|Any CPU.Build.0 = Release|Any CPU
		{3BAB3240-9A24-4195-8591-565A4E43F060}.Debug|Any CPU.ActiveCfg = Debug|Any CPU
		{3BAB3240-9A24-4195-8591-565A4E43F060}.Debug|Any CPU.Build.0 = Debug|Any CPU
		{3BAB3240-9A24-4195-8591-565A4E43F060}.Release|Any CPU.ActiveCfg = Release|Any CPU
		{3BAB3240-9A24-4195-8591-565A4E43F060}.Release|Any CPU.Build.0 = Release|Any CPU
		{7BDF7ED4-4874-46E9-8404-CD3BC0EA0426}.Debug|Any CPU.ActiveCfg = Debug|Any CPU
		{7BDF7ED4-4874-46E9-8404-CD3BC0EA0426}.Debug|Any CPU.Build.0 = Debug|Any CPU
		{7BDF7ED4-4874-46E9-8404-CD3BC0EA0426}.Release|Any CPU.ActiveCfg = Release|Any CPU
		{7BDF7ED4-4874-46E9-8404-CD3BC0EA0426}.Release|Any CPU.Build.0 = Release|Any CPU
		{E74CE604-F0BE-4EF0-B70A-A616286C5334}.Debug|Any CPU.ActiveCfg = Debug|Any CPU
		{E74CE604-F0BE-4EF0-B70A-A616286C5334}.Debug|Any CPU.Build.0 = Debug|Any CPU
		{E74CE604-F0BE-4EF0-B70A-A616286C5334}.Release|Any CPU.ActiveCfg = Release|Any CPU
		{E74CE604-F0BE-4EF0-B70A-A616286C5334}.Release|Any CPU.Build.0 = Release|Any CPU
		{F97F5E3C-CC3B-4746-BE4F-1F02432AF297}.Debug|Any CPU.ActiveCfg = Debug|Any CPU
		{F97F5E3C-CC3B-4746-BE4F-1F02432AF297}.Debug|Any CPU.Build.0 = Debug|Any CPU
		{F97F5E3C-CC3B-4746-BE4F-1F02432AF297}.Release|Any CPU.ActiveCfg = Release|Any CPU
		{F97F5E3C-CC3B-4746-BE4F-1F02432AF297}.Release|Any CPU.Build.0 = Release|Any CPU
		{3A3E8591-3617-4C41-BE29-65BC2A6BC12D}.Debug|Any CPU.ActiveCfg = Debug|Any CPU
		{3A3E8591-3617-4C41-BE29-65BC2A6BC12D}.Debug|Any CPU.Build.0 = Debug|Any CPU
		{3A3E8591-3617-4C41-BE29-65BC2A6BC12D}.Release|Any CPU.ActiveCfg = Release|Any CPU
		{3A3E8591-3617-4C41-BE29-65BC2A6BC12D}.Release|Any CPU.Build.0 = Release|Any CPU
		{B5A1CEEE-1814-4D04-89DB-2D56E7DD1175}.Debug|Any CPU.ActiveCfg = Debug|Any CPU
		{B5A1CEEE-1814-4D04-89DB-2D56E7DD1175}.Debug|Any CPU.Build.0 = Debug|Any CPU
		{B5A1CEEE-1814-4D04-89DB-2D56E7DD1175}.Release|Any CPU.ActiveCfg = Release|Any CPU
		{B5A1CEEE-1814-4D04-89DB-2D56E7DD1175}.Release|Any CPU.Build.0 = Release|Any CPU
		{99C75ACB-A07F-4139-8E02-3C92EFB93AB2}.Debug|Any CPU.ActiveCfg = Debug|Any CPU
		{99C75ACB-A07F-4139-8E02-3C92EFB93AB2}.Debug|Any CPU.Build.0 = Debug|Any CPU
		{99C75ACB-A07F-4139-8E02-3C92EFB93AB2}.Release|Any CPU.ActiveCfg = Release|Any CPU
		{99C75ACB-A07F-4139-8E02-3C92EFB93AB2}.Release|Any CPU.Build.0 = Release|Any CPU
		{09A67CBD-7BDF-4826-B4AD-01D91E8F796D}.Debug|Any CPU.ActiveCfg = Debug|Any CPU
		{09A67CBD-7BDF-4826-B4AD-01D91E8F796D}.Debug|Any CPU.Build.0 = Debug|Any CPU
		{09A67CBD-7BDF-4826-B4AD-01D91E8F796D}.Release|Any CPU.ActiveCfg = Release|Any CPU
		{09A67CBD-7BDF-4826-B4AD-01D91E8F796D}.Release|Any CPU.Build.0 = Release|Any CPU
		{0F0E4822-EC4E-41D8-8EA0-E698C4714875}.Debug|Any CPU.ActiveCfg = Debug|Any CPU
		{0F0E4822-EC4E-41D8-8EA0-E698C4714875}.Debug|Any CPU.Build.0 = Debug|Any CPU
		{0F0E4822-EC4E-41D8-8EA0-E698C4714875}.Release|Any CPU.ActiveCfg = Release|Any CPU
		{0F0E4822-EC4E-41D8-8EA0-E698C4714875}.Release|Any CPU.Build.0 = Release|Any CPU
		{2761C33E-A03D-438B-A2C7-CD8927B6461E}.Debug|Any CPU.ActiveCfg = Debug|Any CPU
		{2761C33E-A03D-438B-A2C7-CD8927B6461E}.Debug|Any CPU.Build.0 = Debug|Any CPU
		{2761C33E-A03D-438B-A2C7-CD8927B6461E}.Release|Any CPU.ActiveCfg = Release|Any CPU
		{2761C33E-A03D-438B-A2C7-CD8927B6461E}.Release|Any CPU.Build.0 = Release|Any CPU
		{AF7B7B79-F581-46D3-A0EC-B21276C5B764}.Debug|Any CPU.ActiveCfg = Debug|Any CPU
		{AF7B7B79-F581-46D3-A0EC-B21276C5B764}.Debug|Any CPU.Build.0 = Debug|Any CPU
		{AF7B7B79-F581-46D3-A0EC-B21276C5B764}.Release|Any CPU.ActiveCfg = Release|Any CPU
		{AF7B7B79-F581-46D3-A0EC-B21276C5B764}.Release|Any CPU.Build.0 = Release|Any CPU
	EndGlobalSection
	GlobalSection(SolutionProperties) = preSolution
		HideSolutionNode = FALSE
	EndGlobalSection
	GlobalSection(ExtensibilityGlobals) = postSolution
		SolutionGuid = {9090CFEB-EE2F-42FF-A5C2-B9E5A2FD59F8}
	EndGlobalSection
EndGlobal
